
Microsoft Visual Studio Solution File, Format Version 12.00
# Visual Studio Version 16
VisualStudioVersion = 16.0.30717.126
MinimumVisualStudioVersion = 10.0.40219.1
Project("{9A19103F-16F7-4668-BE54-9A1E7A4F7556}") = "TraderNext", "TraderNext\TraderNext.csproj", "{24542E97-00A7-46B4-B29C-46E5E0E8436D}"
	ProjectSection(ProjectDependencies) = postProject
		{B53D1379-6634-443B-94DB-6B8F3727A5F2} = {B53D1379-6634-443B-94DB-6B8F3727A5F2}
	EndProjectSection
EndProject
Project("{9A19103F-16F7-4668-BE54-9A1E7A4F7556}") = "TraderNext.Tests", "TraderNext.Tests\TraderNext.Tests.csproj", "{C78C9F18-A6C4-4646-8FE6-2F6BA509A748}"
EndProject
Project("{2150E333-8FDC-42A3-9474-1A3956D46DE8}") = "Solution Items", "Solution Items", "{BE37FF35-28A7-487B-A1CC-3775A1C9D2B2}"
	ProjectSection(SolutionItems) = preProject
		.editorconfig = .editorconfig
	EndProjectSection
EndProject
Project("{9A19103F-16F7-4668-BE54-9A1E7A4F7556}") = "TraderNext.Core", "TraderNext.Core\TraderNext.Core.csproj", "{B53D1379-6634-443B-94DB-6B8F3727A5F2}"
EndProject
Project("{9A19103F-16F7-4668-BE54-9A1E7A4F7556}") = "TraderNext.Core.Tests", "TraderNext.Core.Tests\TraderNext.Core.Tests.csproj", "{346481FA-A74E-4135-888A-02396BB001A9}"
EndProject
Project("{FAE04EC0-301F-11D3-BF4B-00C04F79EFBC}") = "TraderNext.Api", "TraderNext.Api\TraderNext.Api.csproj", "{332D423D-C4D3-4FBD-BAAD-3B5325D88640}"
EndProject
Global
	GlobalSection(SolutionConfigurationPlatforms) = preSolution
		Debug|Any CPU = Debug|Any CPU
		Release|Any CPU = Release|Any CPU
	EndGlobalSection
	GlobalSection(ProjectConfigurationPlatforms) = postSolution
		{24542E97-00A7-46B4-B29C-46E5E0E8436D}.Debug|Any CPU.ActiveCfg = Debug|Any CPU
		{24542E97-00A7-46B4-B29C-46E5E0E8436D}.Debug|Any CPU.Build.0 = Debug|Any CPU
		{24542E97-00A7-46B4-B29C-46E5E0E8436D}.Release|Any CPU.ActiveCfg = Release|Any CPU
		{24542E97-00A7-46B4-B29C-46E5E0E8436D}.Release|Any CPU.Build.0 = Release|Any CPU
		{C78C9F18-A6C4-4646-8FE6-2F6BA509A748}.Debug|Any CPU.ActiveCfg = Debug|Any CPU
		{C78C9F18-A6C4-4646-8FE6-2F6BA509A748}.Debug|Any CPU.Build.0 = Debug|Any CPU
		{C78C9F18-A6C4-4646-8FE6-2F6BA509A748}.Release|Any CPU.ActiveCfg = Release|Any CPU
		{C78C9F18-A6C4-4646-8FE6-2F6BA509A748}.Release|Any CPU.Build.0 = Release|Any CPU
		{B53D1379-6634-443B-94DB-6B8F3727A5F2}.Debug|Any CPU.ActiveCfg = Debug|Any CPU
		{B53D1379-6634-443B-94DB-6B8F3727A5F2}.Debug|Any CPU.Build.0 = Debug|Any CPU
		{B53D1379-6634-443B-94DB-6B8F3727A5F2}.Release|Any CPU.ActiveCfg = Release|Any CPU
		{B53D1379-6634-443B-94DB-6B8F3727A5F2}.Release|Any CPU.Build.0 = Release|Any CPU
		{346481FA-A74E-4135-888A-02396BB001A9}.Debug|Any CPU.ActiveCfg = Debug|Any CPU
		{346481FA-A74E-4135-888A-02396BB001A9}.Debug|Any CPU.Build.0 = Debug|Any CPU
		{346481FA-A74E-4135-888A-02396BB001A9}.Release|Any CPU.ActiveCfg = Release|Any CPU
		{346481FA-A74E-4135-888A-02396BB001A9}.Release|Any CPU.Build.0 = Release|Any CPU
		{332D423D-C4D3-4FBD-BAAD-3B5325D88640}.Debug|Any CPU.ActiveCfg = Debug|Any CPU
		{332D423D-C4D3-4FBD-BAAD-3B5325D88640}.Debug|Any CPU.Build.0 = Debug|Any CPU
		{332D423D-C4D3-4FBD-BAAD-3B5325D88640}.Release|Any CPU.ActiveCfg = Release|Any CPU
		{332D423D-C4D3-4FBD-BAAD-3B5325D88640}.Release|Any CPU.Build.0 = Release|Any CPU
	EndGlobalSection
	GlobalSection(SolutionProperties) = preSolution
		HideSolutionNode = FALSE
	EndGlobalSection
	GlobalSection(ExtensibilityGlobals) = postSolution
		SolutionGuid = {461B01AC-9DA3-4F5B-AE23-13860EB6173F}
	EndGlobalSection
EndGlobal
